
Microsoft Visual Studio Solution File, Format Version 12.00
# Visual Studio Version 17
VisualStudioVersion = 17.6.33829.357
MinimumVisualStudioVersion = 10.0.40219.1
Project("{FAE04EC0-301F-11D3-BF4B-00C04F79EFBC}") = "ECommerce", "ECommerce\ECommerce.csproj", "{74D48440-358D-4201-81B5-EDB0464AF62E}"
EndProject
Project("{2150E333-8FDC-42A3-9474-1A3956D46DE8}") = "Solution Items", "Solution Items", "{F54495E3-9C22-4305-A0CB-7457C6888FEE}"
	ProjectSection(SolutionItems) = preProject
		ecommerce.sql = ecommerce.sql
		README.md = README.md
	EndProjectSection
EndProject
Project("{FAE04EC0-301F-11D3-BF4B-00C04F79EFBC}") = "ECommerce.Models", "ECommerce.Models\ECommerce.Models.csproj", "{56780AAB-508D-4370-BAC1-EDE74D95B678}"
EndProject
Project("{FAE04EC0-301F-11D3-BF4B-00C04F79EFBC}") = "Orders", "Orders\Orders.csproj", "{1575F604-DA9F-444F-BC8D-77F0A1C62399}"
EndProject
Project("{FAE04EC0-301F-11D3-BF4B-00C04F79EFBC}") = "Reporting", "Reporting\Reporting.csproj", "{E22250E4-1AEE-461D-9112-6DA1CB1CD56C}"
EndProject
Global
	GlobalSection(SolutionConfigurationPlatforms) = preSolution
		Debug|Any CPU = Debug|Any CPU
		Release|Any CPU = Release|Any CPU
	EndGlobalSection
	GlobalSection(ProjectConfigurationPlatforms) = postSolution
		{74D48440-358D-4201-81B5-EDB0464AF62E}.Debug|Any CPU.ActiveCfg = Debug|Any CPU
		{74D48440-358D-4201-81B5-EDB0464AF62E}.Debug|Any CPU.Build.0 = Debug|Any CPU
		{74D48440-358D-4201-81B5-EDB0464AF62E}.Release|Any CPU.ActiveCfg = Release|Any CPU
		{74D48440-358D-4201-81B5-EDB0464AF62E}.Release|Any CPU.Build.0 = Release|Any CPU
		{56780AAB-508D-4370-BAC1-EDE74D95B678}.Debug|Any CPU.ActiveCfg = Debug|Any CPU
		{56780AAB-508D-4370-BAC1-EDE74D95B678}.Debug|Any CPU.Build.0 = Debug|Any CPU
		{56780AAB-508D-4370-BAC1-EDE74D95B678}.Release|Any CPU.ActiveCfg = Release|Any CPU
		{56780AAB-508D-4370-BAC1-EDE74D95B678}.Release|Any CPU.Build.0 = Release|Any CPU
		{1575F604-DA9F-444F-BC8D-77F0A1C62399}.Debug|Any CPU.ActiveCfg = Debug|Any CPU
		{1575F604-DA9F-444F-BC8D-77F0A1C62399}.Debug|Any CPU.Build.0 = Debug|Any CPU
		{1575F604-DA9F-444F-BC8D-77F0A1C62399}.Release|Any CPU.ActiveCfg = Release|Any CPU
		{1575F604-DA9F-444F-BC8D-77F0A1C62399}.Release|Any CPU.Build.0 = Release|Any CPU
		{E22250E4-1AEE-461D-9112-6DA1CB1CD56C}.Debug|Any CPU.ActiveCfg = Debug|Any CPU
		{E22250E4-1AEE-461D-9112-6DA1CB1CD56C}.Debug|Any CPU.Build.0 = Debug|Any CPU
		{E22250E4-1AEE-461D-9112-6DA1CB1CD56C}.Release|Any CPU.ActiveCfg = Release|Any CPU
		{E22250E4-1AEE-461D-9112-6DA1CB1CD56C}.Release|Any CPU.Build.0 = Release|Any CPU
	EndGlobalSection
	GlobalSection(SolutionProperties) = preSolution
		HideSolutionNode = FALSE
	EndGlobalSection
	GlobalSection(ExtensibilityGlobals) = postSolution
		SolutionGuid = {79258CF6-3053-454F-9064-18959B147BC6}
	EndGlobalSection
EndGlobal
